
Microsoft Visual Studio Solution File, Format Version 12.00
# Visual Studio 2013
VisualStudioVersion = 12.0.30723.0
MinimumVisualStudioVersion = 10.0.40219.1
Project("{FAE04EC0-301F-11D3-BF4B-00C04F79EFBC}") = "ITJCMS.Tests", "C:\Users\Hp 15\Documents\Visual Studio 2013\Projects\ITJCMS\ITJCMS.Tests\ITJCMS.Tests.csproj", "{0FF3A08F-A332-441D-BDFC-B25393D7E265}"
EndProject
Project("{2150E333-8FDC-42A3-9474-1A3956D46DE8}") = "DataAccess", "DataAccess", "{B9B3A75D-355E-4AEB-9325-F5F627F7F63E}"
EndProject
Project("{2150E333-8FDC-42A3-9474-1A3956D46DE8}") = "BusinessLogic", "BusinessLogic", "{99386C45-522C-4BC4-947B-46A7EF2710A9}"
EndProject
Project("{2150E333-8FDC-42A3-9474-1A3956D46DE8}") = "DataContract", "DataContract", "{2FD695C2-8BF4-46F0-A0A8-EC54F6081129}"
EndProject
Project("{2150E333-8FDC-42A3-9474-1A3956D46DE8}") = "Common", "Common", "{0586EB3C-6427-4882-88CC-A84AE472FA51}"
EndProject
Project("{2150E333-8FDC-42A3-9474-1A3956D46DE8}") = "Web", "Web", "{A4900F77-0EC8-4C64-8508-5AD375078824}"
EndProject
Project("{2150E333-8FDC-42A3-9474-1A3956D46DE8}") = "Test", "Test", "{0552C6D3-99C2-4D9D-9B19-D1BF3AFA4BA6}"
EndProject
Project("{FAE04EC0-301F-11D3-BF4B-00C04F79EFBC}") = "BusinessLogic", "BusinessLogic\BusinessLogic.csproj", "{A0256582-DCCA-45EB-9DA1-2A9524457872}"
EndProject
Project("{FAE04EC0-301F-11D3-BF4B-00C04F79EFBC}") = "Common", "Common\Common.csproj", "{93484909-0C33-4E18-9F91-B7C6ACCE6F22}"
EndProject
Project("{FAE04EC0-301F-11D3-BF4B-00C04F79EFBC}") = "DataAccess", "DataAccess\DataAccess.csproj", "{B6FE866B-9FA7-460D-AD93-55239BA40A57}"
EndProject
Project("{FAE04EC0-301F-11D3-BF4B-00C04F79EFBC}") = "DataContract", "DataContract\DataContract.csproj", "{3A4FB7FA-2FE9-4C16-A3DE-29A1F6C05E67}"
EndProject
Project("{FAE04EC0-301F-11D3-BF4B-00C04F79EFBC}") = "SZHPCMS", "SZHP\SZHPCMS.csproj", "{26ABCE93-DF21-42A5-BEC3-F3BC7AB1C405}"
EndProject
Project("{FAE04EC0-301F-11D3-BF4B-00C04F79EFBC}") = "UnitTest", "UniteTest\UnitTest.csproj", "{701477E4-2593-4468-A361-AB0F036F80CA}"
EndProject
Global
	GlobalSection(SolutionConfigurationPlatforms) = preSolution
		Debug|Any CPU = Debug|Any CPU
		Release|Any CPU = Release|Any CPU
	EndGlobalSection
	GlobalSection(ProjectConfigurationPlatforms) = postSolution
		{0FF3A08F-A332-441D-BDFC-B25393D7E265}.Debug|Any CPU.ActiveCfg = Debug|Any CPU
		{0FF3A08F-A332-441D-BDFC-B25393D7E265}.Debug|Any CPU.Build.0 = Debug|Any CPU
		{0FF3A08F-A332-441D-BDFC-B25393D7E265}.Release|Any CPU.ActiveCfg = Release|Any CPU
		{0FF3A08F-A332-441D-BDFC-B25393D7E265}.Release|Any CPU.Build.0 = Release|Any CPU
		{A0256582-DCCA-45EB-9DA1-2A9524457872}.Debug|Any CPU.ActiveCfg = Debug|Any CPU
		{A0256582-DCCA-45EB-9DA1-2A9524457872}.Debug|Any CPU.Build.0 = Debug|Any CPU
		{A0256582-DCCA-45EB-9DA1-2A9524457872}.Release|Any CPU.ActiveCfg = Release|Any CPU
		{A0256582-DCCA-45EB-9DA1-2A9524457872}.Release|Any CPU.Build.0 = Release|Any CPU
		{93484909-0C33-4E18-9F91-B7C6ACCE6F22}.Debug|Any CPU.ActiveCfg = Debug|Any CPU
		{93484909-0C33-4E18-9F91-B7C6ACCE6F22}.Debug|Any CPU.Build.0 = Debug|Any CPU
		{93484909-0C33-4E18-9F91-B7C6ACCE6F22}.Release|Any CPU.ActiveCfg = Release|Any CPU
		{93484909-0C33-4E18-9F91-B7C6ACCE6F22}.Release|Any CPU.Build.0 = Release|Any CPU
		{B6FE866B-9FA7-460D-AD93-55239BA40A57}.Debug|Any CPU.ActiveCfg = Debug|Any CPU
		{B6FE866B-9FA7-460D-AD93-55239BA40A57}.Debug|Any CPU.Build.0 = Debug|Any CPU
		{B6FE866B-9FA7-460D-AD93-55239BA40A57}.Release|Any CPU.ActiveCfg = Release|Any CPU
		{B6FE866B-9FA7-460D-AD93-55239BA40A57}.Release|Any CPU.Build.0 = Release|Any CPU
		{3A4FB7FA-2FE9-4C16-A3DE-29A1F6C05E67}.Debug|Any CPU.ActiveCfg = Debug|Any CPU
		{3A4FB7FA-2FE9-4C16-A3DE-29A1F6C05E67}.Debug|Any CPU.Build.0 = Debug|Any CPU
		{3A4FB7FA-2FE9-4C16-A3DE-29A1F6C05E67}.Release|Any CPU.ActiveCfg = Release|Any CPU
		{3A4FB7FA-2FE9-4C16-A3DE-29A1F6C05E67}.Release|Any CPU.Build.0 = Release|Any CPU
		{26ABCE93-DF21-42A5-BEC3-F3BC7AB1C405}.Debug|Any CPU.ActiveCfg = Debug|Any CPU
		{26ABCE93-DF21-42A5-BEC3-F3BC7AB1C405}.Debug|Any CPU.Build.0 = Debug|Any CPU
		{26ABCE93-DF21-42A5-BEC3-F3BC7AB1C405}.Release|Any CPU.ActiveCfg = Release|Any CPU
		{26ABCE93-DF21-42A5-BEC3-F3BC7AB1C405}.Release|Any CPU.Build.0 = Release|Any CPU
		{701477E4-2593-4468-A361-AB0F036F80CA}.Debug|Any CPU.ActiveCfg = Debug|Any CPU
		{701477E4-2593-4468-A361-AB0F036F80CA}.Debug|Any CPU.Build.0 = Debug|Any CPU
		{701477E4-2593-4468-A361-AB0F036F80CA}.Release|Any CPU.ActiveCfg = Release|Any CPU
		{701477E4-2593-4468-A361-AB0F036F80CA}.Release|Any CPU.Build.0 = Release|Any CPU
	EndGlobalSection
	GlobalSection(SolutionProperties) = preSolution
		HideSolutionNode = FALSE
	EndGlobalSection
	GlobalSection(NestedProjects) = preSolution
		{0FF3A08F-A332-441D-BDFC-B25393D7E265} = {0552C6D3-99C2-4D9D-9B19-D1BF3AFA4BA6}
		{A0256582-DCCA-45EB-9DA1-2A9524457872} = {99386C45-522C-4BC4-947B-46A7EF2710A9}
		{93484909-0C33-4E18-9F91-B7C6ACCE6F22} = {0586EB3C-6427-4882-88CC-A84AE472FA51}
		{B6FE866B-9FA7-460D-AD93-55239BA40A57} = {B9B3A75D-355E-4AEB-9325-F5F627F7F63E}
		{3A4FB7FA-2FE9-4C16-A3DE-29A1F6C05E67} = {2FD695C2-8BF4-46F0-A0A8-EC54F6081129}
		{26ABCE93-DF21-42A5-BEC3-F3BC7AB1C405} = {A4900F77-0EC8-4C64-8508-5AD375078824}
	EndGlobalSection
EndGlobal
